
Microsoft Visual Studio Solution File, Format Version 12.00
# Visual Studio Version 17
VisualStudioVersion = 17.3.32929.385
MinimumVisualStudioVersion = 10.0.40219.1
Project("{9A19103F-16F7-4668-BE54-9A1E7A4F7556}") = "LabDays.CashCow.Data", "..\..\CashCow.Api\LabDays.CashCow.Data\LabDays.CashCow.Data.csproj", "{3A3441D0-4701-4E5F-9034-8E7BBF579F06}"
EndProject
Project("{9A19103F-16F7-4668-BE54-9A1E7A4F7556}") = "LabDays.CashCow.Service", "..\..\CashCow.Api\LabDays.CashCow.Service\LabDays.CashCow.Service.csproj", "{9BDBBB97-25B1-4A24-9065-D6D7D288FE55}"
EndProject
Project("{9A19103F-16F7-4668-BE54-9A1E7A4F7556}") = "LabDays.CashCow.Test", "..\..\CashCow.Api\LabDays.CashCow.Test\LabDays.CashCow.Test.csproj", "{B26C70D7-EBDC-4B5D-9161-19F00CC184B8}"
EndProject
Project("{9A19103F-16F7-4668-BE54-9A1E7A4F7556}") = "LabDays.CashCow.Api", "LabDays.CashCowAPI\LabDays.CashCow.Api.csproj", "{3B7EE2AE-8752-4B9D-82E9-B39871D48E01}"
EndProject
Global
	GlobalSection(SolutionConfigurationPlatforms) = preSolution
		Debug|Any CPU = Debug|Any CPU
		Release|Any CPU = Release|Any CPU
	EndGlobalSection
	GlobalSection(ProjectConfigurationPlatforms) = postSolution
		{3A3441D0-4701-4E5F-9034-8E7BBF579F06}.Debug|Any CPU.ActiveCfg = Debug|Any CPU
		{3A3441D0-4701-4E5F-9034-8E7BBF579F06}.Debug|Any CPU.Build.0 = Debug|Any CPU
		{3A3441D0-4701-4E5F-9034-8E7BBF579F06}.Release|Any CPU.ActiveCfg = Release|Any CPU
		{3A3441D0-4701-4E5F-9034-8E7BBF579F06}.Release|Any CPU.Build.0 = Release|Any CPU
		{9BDBBB97-25B1-4A24-9065-D6D7D288FE55}.Debug|Any CPU.ActiveCfg = Debug|Any CPU
		{9BDBBB97-25B1-4A24-9065-D6D7D288FE55}.Debug|Any CPU.Build.0 = Debug|Any CPU
		{9BDBBB97-25B1-4A24-9065-D6D7D288FE55}.Release|Any CPU.ActiveCfg = Release|Any CPU
		{9BDBBB97-25B1-4A24-9065-D6D7D288FE55}.Release|Any CPU.Build.0 = Release|Any CPU
		{B26C70D7-EBDC-4B5D-9161-19F00CC184B8}.Debug|Any CPU.ActiveCfg = Debug|Any CPU
		{B26C70D7-EBDC-4B5D-9161-19F00CC184B8}.Debug|Any CPU.Build.0 = Debug|Any CPU
		{B26C70D7-EBDC-4B5D-9161-19F00CC184B8}.Release|Any CPU.ActiveCfg = Release|Any CPU
		{B26C70D7-EBDC-4B5D-9161-19F00CC184B8}.Release|Any CPU.Build.0 = Release|Any CPU
		{3B7EE2AE-8752-4B9D-82E9-B39871D48E01}.Debug|Any CPU.ActiveCfg = Debug|Any CPU
		{3B7EE2AE-8752-4B9D-82E9-B39871D48E01}.Debug|Any CPU.Build.0 = Debug|Any CPU
		{3B7EE2AE-8752-4B9D-82E9-B39871D48E01}.Release|Any CPU.ActiveCfg = Release|Any CPU
		{3B7EE2AE-8752-4B9D-82E9-B39871D48E01}.Release|Any CPU.Build.0 = Release|Any CPU
	EndGlobalSection
	GlobalSection(SolutionProperties) = preSolution
		HideSolutionNode = FALSE
	EndGlobalSection
	GlobalSection(ExtensibilityGlobals) = postSolution
		SolutionGuid = {666BA64F-E196-47D4-A5A7-066CC782E4E9}
	EndGlobalSection
EndGlobal
